// !$*UTF8*$!
{
	archiveVersion = 1;
	classes = {
	};
	objectVersion = 56;
	objects = {

/* Begin PBXBuildFile section */
		96E16F182B76C6A90026F301 /* main.cpp in Sources */ = {isa = PBXBuildFile; fileRef = 96E16F172B76C6A90026F301 /* main.cpp */; };
		96E16F262B76C8760026F301 /* OpenGL.framework in Frameworks */ = {isa = PBXBuildFile; fileRef = 96E16F252B76C8760026F301 /* OpenGL.framework */; };
		96E16F282B76C8840026F301 /* Cocoa.framework in Frameworks */ = {isa = PBXBuildFile; fileRef = 96E16F272B76C8840026F301 /* Cocoa.framework */; };
		96E16F2E2B76C8ED0026F301 /* SDL2_image.framework in Frameworks */ = {isa = PBXBuildFile; fileRef = 96E16F2B2B76C8ED0026F301 /* SDL2_image.framework */; };
		96E16F2F2B76C8ED0026F301 /* SDL2.framework in Frameworks */ = {isa = PBXBuildFile; fileRef = 96E16F2C2B76C8ED0026F301 /* SDL2.framework */; };
		96E16F302B76C8ED0026F301 /* SDL2_mixer.framework in Frameworks */ = {isa = PBXBuildFile; fileRef = 96E16F2D2B76C8ED0026F301 /* SDL2_mixer.framework */; };
		96E16F372B76CB7E0026F301 /* ShaderProgram.cpp in Sources */ = {isa = PBXBuildFile; fileRef = 96E16F362B76CB7E0026F301 /* ShaderProgram.cpp */; };
		96E16F3F2B7FFBF30026F301 /* shaders in CopyFiles */ = {isa = PBXBuildFile; fileRef = 96E16F352B76CB7E0026F301 /* shaders */; };
		96E16F412B7FFC3A0026F301 /* assets in CopyFiles */ = {isa = PBXBuildFile; fileRef = 96E16F402B7FFC2F0026F301 /* assets */; };
/* End PBXBuildFile section */

/* Begin PBXCopyFilesBuildPhase section */
		96E16F122B76C6A90026F301 /* CopyFiles */ = {
			isa = PBXCopyFilesBuildPhase;
			buildActionMask = 12;
			dstPath = "";
			dstSubfolderSpec = 6;
			files = (
				96E16F3F2B7FFBF30026F301 /* shaders in CopyFiles */,
				96E16F412B7FFC3A0026F301 /* assets in CopyFiles */,
			);
			runOnlyForDeploymentPostprocessing = 0;
		};
/* End PBXCopyFilesBuildPhase section */

/* Begin PBXFileReference section */
		96E16F142B76C6A90026F301 /* SDLSimple */ = {isa = PBXFileReference; explicitFileType = "compiled.mach-o.executable"; includeInIndex = 0; path = SDLSimple; sourceTree = BUILT_PRODUCTS_DIR; };
		96E16F172B76C6A90026F301 /* main.cpp */ = {isa = PBXFileReference; lastKnownFileType = sourcecode.cpp.cpp; path = main.cpp; sourceTree = "<group>"; };
		96E16F252B76C8760026F301 /* OpenGL.framework */ = {isa = PBXFileReference; lastKnownFileType = wrapper.framework; name = OpenGL.framework; path = System/Library/Frameworks/OpenGL.framework; sourceTree = SDKROOT; };
		96E16F272B76C8840026F301 /* Cocoa.framework */ = {isa = PBXFileReference; lastKnownFileType = wrapper.framework; name = Cocoa.framework; path = System/Library/Frameworks/Cocoa.framework; sourceTree = SDKROOT; };
		96E16F292B76C8C80026F301 /* Frameworks */ = {isa = PBXFileReference; lastKnownFileType = folder; name = Frameworks; path = ../../../../Library/Frameworks; sourceTree = "<group>"; };
		96E16F2B2B76C8ED0026F301 /* SDL2_image.framework */ = {isa = PBXFileReference; lastKnownFileType = wrapper.framework; name = SDL2_image.framework; path = ../../../../Library/Frameworks/SDL2_image.framework; sourceTree = "<group>"; };
		96E16F2C2B76C8ED0026F301 /* SDL2.framework */ = {isa = PBXFileReference; lastKnownFileType = wrapper.framework; name = SDL2.framework; path = ../../../../Library/Frameworks/SDL2.framework; sourceTree = "<group>"; };
		96E16F2D2B76C8ED0026F301 /* SDL2_mixer.framework */ = {isa = PBXFileReference; lastKnownFileType = wrapper.framework; name = SDL2_mixer.framework; path = ../../../../Library/Frameworks/SDL2_mixer.framework; sourceTree = "<group>"; };
		96E16F322B76CB7E0026F301 /* ShaderProgram.h */ = {isa = PBXFileReference; fileEncoding = 4; lastKnownFileType = sourcecode.c.h; name = ShaderProgram.h; path = ../../include/ShaderProgram.h; sourceTree = "<group>"; };
		96E16F332B76CB7E0026F301 /* stb_image.h */ = {isa = PBXFileReference; fileEncoding = 4; lastKnownFileType = sourcecode.c.h; name = stb_image.h; path = ../../include/stb_image.h; sourceTree = "<group>"; };
		96E16F342B76CB7E0026F301 /* glm */ = {isa = PBXFileReference; lastKnownFileType = folder; path = glm; sourceTree = "<group>"; };
		96E16F352B76CB7E0026F301 /* shaders */ = {isa = PBXFileReference; lastKnownFileType = folder; name = shaders; path = ../../include/shaders; sourceTree = "<group>"; };
		96E16F362B76CB7E0026F301 /* ShaderProgram.cpp */ = {isa = PBXFileReference; fileEncoding = 4; lastKnownFileType = sourcecode.cpp.cpp; name = ShaderProgram.cpp; path = ../../include/ShaderProgram.cpp; sourceTree = "<group>"; };
		96E16F402B7FFC2F0026F301 /* assets */ = {isa = PBXFileReference; lastKnownFileType = folder; path = assets; sourceTree = "<group>"; };
/* End PBXFileReference section */

/* Begin PBXFrameworksBuildPhase section */
		96E16F112B76C6A90026F301 /* Frameworks */ = {
			isa = PBXFrameworksBuildPhase;
			buildActionMask = 2147483647;
			files = (
				96E16F2E2B76C8ED0026F301 /* SDL2_image.framework in Frameworks */,
				96E16F2F2B76C8ED0026F301 /* SDL2.framework in Frameworks */,
				96E16F302B76C8ED0026F301 /* SDL2_mixer.framework in Frameworks */,
				96E16F282B76C8840026F301 /* Cocoa.framework in Frameworks */,
				96E16F262B76C8760026F301 /* OpenGL.framework in Frameworks */,
			);
			runOnlyForDeploymentPostprocessing = 0;
		};
/* End PBXFrameworksBuildPhase section */

/* Begin PBXGroup section */
		96E16F0B2B76C6A90026F301 = {
			isa = PBXGroup;
			children = (
				96E16F162B76C6A90026F301 /* SDLSimple */,
				96E16F152B76C6A90026F301 /* Products */,
				96E16F242B76C8760026F301 /* Frameworks */,
			);
			sourceTree = "<group>";
		};
		96E16F152B76C6A90026F301 /* Products */ = {
			isa = PBXGroup;
			children = (
				96E16F142B76C6A90026F301 /* SDLSimple */,
			);
			name = Products;
			sourceTree = "<group>";
		};
		96E16F162B76C6A90026F301 /* SDLSimple */ = {
			isa = PBXGroup;
			children = (
				96E16F402B7FFC2F0026F301 /* assets */,
				96E16F342B76CB7E0026F301 /* glm */,
				96E16F362B76CB7E0026F301 /* ShaderProgram.cpp */,
				96E16F322B76CB7E0026F301 /* ShaderProgram.h */,
				96E16F352B76CB7E0026F301 /* shaders */,
				96E16F332B76CB7E0026F301 /* stb_image.h */,
				96E16F172B76C6A90026F301 /* main.cpp */,
			);
			path = SDLSimple;
			sourceTree = "<group>";
		};
		96E16F242B76C8760026F301 /* Frameworks */ = {
			isa = PBXGroup;
			children = (
				96E16F2B2B76C8ED0026F301 /* SDL2_image.framework */,
				96E16F2D2B76C8ED0026F301 /* SDL2_mixer.framework */,
				96E16F2C2B76C8ED0026F301 /* SDL2.framework */,
				96E16F292B76C8C80026F301 /* Frameworks */,
				96E16F272B76C8840026F301 /* Cocoa.framework */,
				96E16F252B76C8760026F301 /* OpenGL.framework */,
			);
			name = Frameworks;
			sourceTree = "<group>";
		};
/* End PBXGroup section */

/* Begin PBXNativeTarget section */
		96E16F132B76C6A90026F301 /* SDLSimple */ = {
			isa = PBXNativeTarget;
			buildConfigurationList = 96E16F1B2B76C6A90026F301 /* Build configuration list for PBXNativeTarget "SDLSimple" */;
			buildPhases = (
				96E16F102B76C6A90026F301 /* Sources */,
				96E16F112B76C6A90026F301 /* Frameworks */,
				96E16F122B76C6A90026F301 /* CopyFiles */,
			);
			buildRules = (
			);
			dependencies = (
			);
			name = SDLSimple;
			productName = SDLSimple;
			productReference = 96E16F142B76C6A90026F301 /* SDLSimple */;
			productType = "com.apple.product-type.tool";
		};
/* End PBXNativeTarget section */

/* Begin PBXProject section */
		96E16F0C2B76C6A90026F301 /* Project object */ = {
			isa = PBXProject;
			attributes = {
				BuildIndependentTargetsInParallel = 1;
				LastUpgradeCheck = 1520;
				TargetAttributes = {
					96E16F132B76C6A90026F301 = {
						CreatedOnToolsVersion = 15.2;
					};
				};
			};
			buildConfigurationList = 96E16F0F2B76C6A90026F301 /* Build configuration list for PBXProject "SDLSimple" */;
			compatibilityVersion = "Xcode 14.0";
			developmentRegion = en;
			hasScannedForEncodings = 0;
			knownRegions = (
				en,
				Base,
			);
			mainGroup = 96E16F0B2B76C6A90026F301;
			productRefGroup = 96E16F152B76C6A90026F301 /* Products */;
			projectDirPath = "";
			projectRoot = "";
			targets = (
				96E16F132B76C6A90026F301 /* SDLSimple */,
			);
		};
/* End PBXProject section */

/* Begin PBXSourcesBuildPhase section */
		96E16F102B76C6A90026F301 /* Sources */ = {
			isa = PBXSourcesBuildPhase;
			buildActionMask = 2147483647;
			files = (
				96E16F182B76C6A90026F301 /* main.cpp in Sources */,
				96E16F372B76CB7E0026F301 /* ShaderProgram.cpp in Sources */,
			);
			runOnlyForDeploymentPostprocessing = 0;
		};
/* End PBXSourcesBuildPhase section */

/* Begin XCBuildConfiguration section */
		96E16F192B76C6A90026F301 /* Debug */ = {
			isa = XCBuildConfiguration;
			buildSettings = {
				ALWAYS_SEARCH_USER_PATHS = NO;
				ASSETCATALOG_COMPILER_GENERATE_SWIFT_ASSET_SYMBOL_EXTENSIONS = YES;
				CLANG_ANALYZER_NONNULL = YES;
				CLANG_ANALYZER_NUMBER_OBJECT_CONVERSION = YES_AGGRESSIVE;
				CLANG_CXX_LANGUAGE_STANDARD = "gnu++20";
				CLANG_ENABLE_MODULES = YES;
				CLANG_ENABLE_OBJC_ARC = YES;
				CLANG_ENABLE_OBJC_WEAK = YES;
				CLANG_WARN_BLOCK_CAPTURE_AUTORELEASING = YES;
				CLANG_WARN_BOOL_CONVERSION = YES;
				CLANG_WARN_COMMA = YES;
				CLANG_WARN_CONSTANT_CONVERSION = YES;
				CLANG_WARN_DEPRECATED_OBJC_IMPLEMENTATIONS = YES;
				CLANG_WARN_DIRECT_OBJC_ISA_USAGE = YES_ERROR;
				CLANG_WARN_DOCUMENTATION_COMMENTS = YES;
				CLANG_WARN_EMPTY_BODY = YES;
				CLANG_WARN_ENUM_CONVERSION = YES;
				CLANG_WARN_INFINITE_RECURSION = YES;
				CLANG_WARN_INT_CONVERSION = YES;
				CLANG_WARN_NON_LITERAL_NULL_CONVERSION = YES;
				CLANG_WARN_OBJC_IMPLICIT_RETAIN_SELF = YES;
				CLANG_WARN_OBJC_LITERAL_CONVERSION = YES;
				CLANG_WARN_OBJC_ROOT_CLASS = YES_ERROR;
				CLANG_WARN_QUOTED_INCLUDE_IN_FRAMEWORK_HEADER = YES;
				CLANG_WARN_RANGE_LOOP_ANALYSIS = YES;
				CLANG_WARN_STRICT_PROTOTYPES = YES;
				CLANG_WARN_SUSPICIOUS_MOVE = YES;
				CLANG_WARN_UNGUARDED_AVAILABILITY = YES_AGGRESSIVE;
				CLANG_WARN_UNREACHABLE_CODE = YES;
				CLANG_WARN__DUPLICATE_METHOD_MATCH = YES;
				COPY_PHASE_STRIP = NO;
				DEBUG_INFORMATION_FORMAT = dwarf;
				ENABLE_STRICT_OBJC_MSGSEND = YES;
				ENABLE_TESTABILITY = YES;
				ENABLE_USER_SCRIPT_SANDBOXING = YES;
				GCC_C_LANGUAGE_STANDARD = gnu17;
				GCC_DYNAMIC_NO_PIC = NO;
				GCC_NO_COMMON_BLOCKS = YES;
				GCC_OPTIMIZATION_LEVEL = 0;
				GCC_PREPROCESSOR_DEFINITIONS = (
					"DEBUG=1",
					"$(inherited)",
				);
				GCC_WARN_64_TO_32_BIT_CONVERSION = YES;
				GCC_WARN_ABOUT_RETURN_TYPE = YES_ERROR;
				GCC_WARN_UNDECLARED_SELECTOR = YES;
				GCC_WARN_UNINITIALIZED_AUTOS = YES_AGGRESSIVE;
				GCC_WARN_UNUSED_FUNCTION = YES;
				GCC_WARN_UNUSED_VARIABLE = YES;
				LOCALIZATION_PREFERS_STRING_CATALOGS = YES;
				MACOSX_DEPLOYMENT_TARGET = 14.1;
				MTL_ENABLE_DEBUG_INFO = INCLUDE_SOURCE;
				MTL_FAST_MATH = YES;
				ONLY_ACTIVE_ARCH = YES;
				SDKROOT = macosx;
			};
			name = Debug;
		};
		96E16F1A2B76C6A90026F301 /* Release */ = {
			isa = XCBuildConfiguration;
			buildSettings = {
				ALWAYS_SEARCH_USER_PATHS = NO;
				ASSETCATALOG_COMPILER_GENERATE_SWIFT_ASSET_SYMBOL_EXTENSIONS = YES;
				CLANG_ANALYZER_NONNULL = YES;
				CLANG_ANALYZER_NUMBER_OBJECT_CONVERSION = YES_AGGRESSIVE;
				CLANG_CXX_LANGUAGE_STANDARD = "gnu++20";
				CLANG_ENABLE_MODULES = YES;
				CLANG_ENABLE_OBJC_ARC = YES;
				CLANG_ENABLE_OBJC_WEAK = YES;
				CLANG_WARN_BLOCK_CAPTURE_AUTORELEASING = YES;
				CLANG_WARN_BOOL_CONVERSION = YES;
				CLANG_WARN_COMMA = YES;
				CLANG_WARN_CONSTANT_CONVERSION = YES;
				CLANG_WARN_DEPRECATED_OBJC_IMPLEMENTATIONS = YES;
				CLANG_WARN_DIRECT_OBJC_ISA_USAGE = YES_ERROR;
				CLANG_WARN_DOCUMENTATION_COMMENTS = YES;
				CLANG_WARN_EMPTY_BODY = YES;
				CLANG_WARN_ENUM_CONVERSION = YES;
				CLANG_WARN_INFINITE_RECURSION = YES;
				CLANG_WARN_INT_CONVERSION = YES;
				CLANG_WARN_NON_LITERAL_NULL_CONVERSION = YES;
				CLANG_WARN_OBJC_IMPLICIT_RETAIN_SELF = YES;
				CLANG_WARN_OBJC_LITERAL_CONVERSION = YES;
				CLANG_WARN_OBJC_ROOT_CLASS = YES_ERROR;
				CLANG_WARN_QUOTED_INCLUDE_IN_FRAMEWORK_HEADER = YES;
				CLANG_WARN_RANGE_LOOP_ANALYSIS = YES;
				CLANG_WARN_STRICT_PROTOTYPES = YES;
				CLANG_WARN_SUSPICIOUS_MOVE = YES;
				CLANG_WARN_UNGUARDED_AVAILABILITY = YES_AGGRESSIVE;
				CLANG_WARN_UNREACHABLE_CODE = YES;
				CLANG_WARN__DUPLICATE_METHOD_MATCH = YES;
				COPY_PHASE_STRIP = NO;
				DEBUG_INFORMATION_FORMAT = "dwarf-with-dsym";
				ENABLE_NS_ASSERTIONS = NO;
				ENABLE_STRICT_OBJC_MSGSEND = YES;
				ENABLE_USER_SCRIPT_SANDBOXING = YES;
				GCC_C_LANGUAGE_STANDARD = gnu17;
				GCC_NO_COMMON_BLOCKS = YES;
				GCC_WARN_64_TO_32_BIT_CONVERSION = YES;
				GCC_WARN_ABOUT_RETURN_TYPE = YES_ERROR;
				GCC_WARN_UNDECLARED_SELECTOR = YES;
				GCC_WARN_UNINITIALIZED_AUTOS = YES_AGGRESSIVE;
				GCC_WARN_UNUSED_FUNCTION = YES;
				GCC_WARN_UNUSED_VARIABLE = YES;
				LOCALIZATION_PREFERS_STRING_CATALOGS = YES;
				MACOSX_DEPLOYMENT_TARGET = 14.1;
				MTL_ENABLE_DEBUG_INFO = NO;
				MTL_FAST_MATH = YES;
				SDKROOT = macosx;
			};
			name = Release;
		};
		96E16F1C2B76C6A90026F301 /* Debug */ = {
			isa = XCBuildConfiguration;
			buildSettings = {
				CODE_SIGN_STYLE = Automatic;
				FRAMEWORK_SEARCH_PATHS = (
					"$(inherited)",
					"$(LOCAL_LIBRARY_DIR)/Frameworks",
				);
				"HEADER_SEARCH_PATHS[arch=*]" = (
					/Library/Frameworks/SDL2_image.framework/Versions/A/Headers,
					/Library/Frameworks/SDL2.framework/Versions/A/Headers,
				);
				PRODUCT_NAME = "$(TARGET_NAME)";
			};
			name = Debug;
		};
		96E16F1D2B76C6A90026F301 /* Release */ = {
			isa = XCBuildConfiguration;
			buildSettings = {
				CODE_SIGN_STYLE = Automatic;
				FRAMEWORK_SEARCH_PATHS = (
					"$(inherited)",
					"$(LOCAL_LIBRARY_DIR)/Frameworks",
				);
				PRODUCT_NAME = "$(TARGET_NAME)";
			};
			name = Release;
		};
/* End XCBuildConfiguration section */

/* Begin XCConfigurationList section */
		96E16F0F2B76C6A90026F301 /* Build configuration list for PBXProject "SDLSimple" */ = {
			isa = XCConfigurationList;
			buildConfigurations = (
				96E16F192B76C6A90026F301 /* Debug */,
				96E16F1A2B76C6A90026F301 /* Release */,
			);
			defaultConfigurationIsVisible = 0;
			defaultConfigurationName = Release;
		};
		96E16F1B2B76C6A90026F301 /* Build configuration list for PBXNativeTarget "SDLSimple" */ = {
			isa = XCConfigurationList;
			buildConfigurations = (
				96E16F1C2B76C6A90026F301 /* Debug */,
				96E16F1D2B76C6A90026F301 /* Release */,
			);
			defaultConfigurationIsVisible = 0;
			defaultConfigurationName = Release;
		};
/* End XCConfigurationList section */
	};
	rootObject = 96E16F0C2B76C6A90026F301 /* Project object */;
}
